
Microsoft Visual Studio Solution File, Format Version 12.00
# Visual Studio Version 17
VisualStudioVersion = 17.10.35013.160
MinimumVisualStudioVersion = 10.0.40219.1
Project("{9A19103F-16F7-4668-BE54-9A1E7A4F7556}") = "Api", "Api\Api.csproj", "{3DF2C2B8-6797-42D5-981B-587BA9F9A3FA}"
EndProject
Project("{9A19103F-16F7-4668-BE54-9A1E7A4F7556}") = "Data.cs", "Data.cs\Data.cs.csproj", "{DC9352BF-7F2F-4E9F-A873-C55BC99ADD3E}"
EndProject
Project("{9A19103F-16F7-4668-BE54-9A1E7A4F7556}") = "Business", "Business\Business.csproj", "{51173E67-741F-4E9D-9080-10786D2926B0}"
EndProject
Project("{9A19103F-16F7-4668-BE54-9A1E7A4F7556}") = "Entities", "Entities\Entities.csproj", "{7915FDC0-871D-44B3-8C0A-43F6ABCBD313}"
EndProject
Project("{FAE04EC0-301F-11D3-BF4B-00C04F79EFBC}") = "Utils", "Utils\Utils.csproj", "{79BAD930-42B3-485A-B56F-6F3775C51699}"
EndProject
Global
	GlobalSection(SolutionConfigurationPlatforms) = preSolution
		Debug|Any CPU = Debug|Any CPU
		Release|Any CPU = Release|Any CPU
	EndGlobalSection
	GlobalSection(ProjectConfigurationPlatforms) = postSolution
		{3DF2C2B8-6797-42D5-981B-587BA9F9A3FA}.Debug|Any CPU.ActiveCfg = Debug|Any CPU
		{3DF2C2B8-6797-42D5-981B-587BA9F9A3FA}.Debug|Any CPU.Build.0 = Debug|Any CPU
		{3DF2C2B8-6797-42D5-981B-587BA9F9A3FA}.Release|Any CPU.ActiveCfg = Release|Any CPU
		{3DF2C2B8-6797-42D5-981B-587BA9F9A3FA}.Release|Any CPU.Build.0 = Release|Any CPU
		{DC9352BF-7F2F-4E9F-A873-C55BC99ADD3E}.Debug|Any CPU.ActiveCfg = Debug|Any CPU
		{DC9352BF-7F2F-4E9F-A873-C55BC99ADD3E}.Debug|Any CPU.Build.0 = Debug|Any CPU
		{DC9352BF-7F2F-4E9F-A873-C55BC99ADD3E}.Release|Any CPU.ActiveCfg = Release|Any CPU
		{DC9352BF-7F2F-4E9F-A873-C55BC99ADD3E}.Release|Any CPU.Build.0 = Release|Any CPU
		{51173E67-741F-4E9D-9080-10786D2926B0}.Debug|Any CPU.ActiveCfg = Debug|Any CPU
		{51173E67-741F-4E9D-9080-10786D2926B0}.Debug|Any CPU.Build.0 = Debug|Any CPU
		{51173E67-741F-4E9D-9080-10786D2926B0}.Release|Any CPU.ActiveCfg = Release|Any CPU
		{51173E67-741F-4E9D-9080-10786D2926B0}.Release|Any CPU.Build.0 = Release|Any CPU
		{7915FDC0-871D-44B3-8C0A-43F6ABCBD313}.Debug|Any CPU.ActiveCfg = Debug|Any CPU
		{7915FDC0-871D-44B3-8C0A-43F6ABCBD313}.Debug|Any CPU.Build.0 = Debug|Any CPU
		{7915FDC0-871D-44B3-8C0A-43F6ABCBD313}.Release|Any CPU.ActiveCfg = Release|Any CPU
		{7915FDC0-871D-44B3-8C0A-43F6ABCBD313}.Release|Any CPU.Build.0 = Release|Any CPU
		{79BAD930-42B3-485A-B56F-6F3775C51699}.Debug|Any CPU.ActiveCfg = Debug|Any CPU
		{79BAD930-42B3-485A-B56F-6F3775C51699}.Debug|Any CPU.Build.0 = Debug|Any CPU
		{79BAD930-42B3-485A-B56F-6F3775C51699}.Release|Any CPU.ActiveCfg = Release|Any CPU
		{79BAD930-42B3-485A-B56F-6F3775C51699}.Release|Any CPU.Build.0 = Release|Any CPU
	EndGlobalSection
	GlobalSection(SolutionProperties) = preSolution
		HideSolutionNode = FALSE
	EndGlobalSection
	GlobalSection(ExtensibilityGlobals) = postSolution
		SolutionGuid = {711675D7-38AF-4896-A659-5CE79D1AE7AD}
	EndGlobalSection
EndGlobal
